
Microsoft Visual Studio Solution File, Format Version 12.00
# Visual Studio Version 16
VisualStudioVersion = 16.0.31624.102
MinimumVisualStudioVersion = 10.0.40219.1
Project("{FAE04EC0-301F-11D3-BF4B-00C04F79EFBC}") = "Task 1 - Task 2", "Task 1 - Task 2\Task 1 - Task 2.csproj", "{BA7BE4DE-A806-462E-90D8-BE0BDF9CB413}"
EndProject
Project("{FAE04EC0-301F-11D3-BF4B-00C04F79EFBC}") = "Task 3", "Task 3\Task 3.csproj", "{71A5D15F-B42D-4BAC-9115-A325D1502A75}"
EndProject
Project("{FAE04EC0-301F-11D3-BF4B-00C04F79EFBC}") = "Task 4", "Task 4\Task 4.csproj", "{B26C8013-643F-48E4-B55E-C62DD2518659}"
EndProject
Project("{FAE04EC0-301F-11D3-BF4B-00C04F79EFBC}") = "Task 5 - Task 6", "Task 5 - Task 6\Task 5 - Task 6.csproj", "{8E665C1C-5957-42E3-A715-C8477E731EEE}"
EndProject
Global
	GlobalSection(SolutionConfigurationPlatforms) = preSolution
		Debug|Any CPU = Debug|Any CPU
		Release|Any CPU = Release|Any CPU
	EndGlobalSection
	GlobalSection(ProjectConfigurationPlatforms) = postSolution
		{BA7BE4DE-A806-462E-90D8-BE0BDF9CB413}.Debug|Any CPU.ActiveCfg = Debug|Any CPU
		{BA7BE4DE-A806-462E-90D8-BE0BDF9CB413}.Debug|Any CPU.Build.0 = Debug|Any CPU
		{BA7BE4DE-A806-462E-90D8-BE0BDF9CB413}.Release|Any CPU.ActiveCfg = Release|Any CPU
		{BA7BE4DE-A806-462E-90D8-BE0BDF9CB413}.Release|Any CPU.Build.0 = Release|Any CPU
		{71A5D15F-B42D-4BAC-9115-A325D1502A75}.Debug|Any CPU.ActiveCfg = Debug|Any CPU
		{71A5D15F-B42D-4BAC-9115-A325D1502A75}.Debug|Any CPU.Build.0 = Debug|Any CPU
		{71A5D15F-B42D-4BAC-9115-A325D1502A75}.Release|Any CPU.ActiveCfg = Release|Any CPU
		{71A5D15F-B42D-4BAC-9115-A325D1502A75}.Release|Any CPU.Build.0 = Release|Any CPU
		{B26C8013-643F-48E4-B55E-C62DD2518659}.Debug|Any CPU.ActiveCfg = Debug|Any CPU
		{B26C8013-643F-48E4-B55E-C62DD2518659}.Debug|Any CPU.Build.0 = Debug|Any CPU
		{B26C8013-643F-48E4-B55E-C62DD2518659}.Release|Any CPU.ActiveCfg = Release|Any CPU
		{B26C8013-643F-48E4-B55E-C62DD2518659}.Release|Any CPU.Build.0 = Release|Any CPU
		{8E665C1C-5957-42E3-A715-C8477E731EEE}.Debug|Any CPU.ActiveCfg = Debug|Any CPU
		{8E665C1C-5957-42E3-A715-C8477E731EEE}.Debug|Any CPU.Build.0 = Debug|Any CPU
		{8E665C1C-5957-42E3-A715-C8477E731EEE}.Release|Any CPU.ActiveCfg = Release|Any CPU
		{8E665C1C-5957-42E3-A715-C8477E731EEE}.Release|Any CPU.Build.0 = Release|Any CPU
	EndGlobalSection
	GlobalSection(SolutionProperties) = preSolution
		HideSolutionNode = FALSE
	EndGlobalSection
	GlobalSection(ExtensibilityGlobals) = postSolution
		SolutionGuid = {707C2E94-2671-435C-BF07-7D8DC591E99C}
	EndGlobalSection
EndGlobal
